
Microsoft Visual Studio Solution File, Format Version 12.00
# Visual Studio Version 16
VisualStudioVersion = 16.0.29911.84
MinimumVisualStudioVersion = 10.0.40219.1
Project("{FAE04EC0-301F-11D3-BF4B-00C04F79EFBC}") = "Snake_Game", "Snake_Game\Snake_Game.csproj", "{3B61ADFB-DF10-426C-A081-2609FCB0A974}"
EndProject
Global
	GlobalSection(SolutionConfigurationPlatforms) = preSolution
		Debug|Any CPU = Debug|Any CPU
		Release|Any CPU = Release|Any CPU
	EndGlobalSection
	GlobalSection(ProjectConfigurationPlatforms) = postSolution
		{3B61ADFB-DF10-426C-A081-2609FCB0A974}.Debug|Any CPU.ActiveCfg = Debug|Any CPU
		{3B61ADFB-DF10-426C-A081-2609FCB0A974}.Debug|Any CPU.Build.0 = Debug|Any CPU
		{3B61ADFB-DF10-426C-A081-2609FCB0A974}.Release|Any CPU.ActiveCfg = Release|Any CPU
		{3B61ADFB-DF10-426C-A081-2609FCB0A974}.Release|Any CPU.Build.0 = Release|Any CPU
	EndGlobalSection
	GlobalSection(SolutionProperties) = preSolution
		HideSolutionNode = FALSE
	EndGlobalSection
	GlobalSection(ExtensibilityGlobals) = postSolution
		SolutionGuid = {4A8274B2-13DB-444D-8566-4806C5589944}
	EndGlobalSection
EndGlobal
